
Microsoft Visual Studio Solution File, Format Version 12.00
# Visual Studio Version 16
VisualStudioVersion = 16.0.30717.126
MinimumVisualStudioVersion = 10.0.40219.1
Project("{2150E333-8FDC-42A3-9474-1A3956D46DE8}") = "_Framework", "_Framework", "{51518C5D-DF4C-446D-9063-DEF6D46D548F}"
EndProject
Project("{9A19103F-16F7-4668-BE54-9A1E7A4F7556}") = "Framework.Core", "Framework.Core\Framework.Core.csproj", "{EB489D83-D8B5-4D70-A67C-750083DD58C6}"
EndProject
Project("{9A19103F-16F7-4668-BE54-9A1E7A4F7556}") = "Framework.DataAccess", "Framework.DataAccess\Framework.DataAccess.csproj", "{E954B9B3-758A-4E27-BD15-5008976D0971}"
EndProject
Project("{9A19103F-16F7-4668-BE54-9A1E7A4F7556}") = "Framework.Dto", "Framework.Dto\Framework.Dto.csproj", "{A8B76C92-5FD4-4252-8C59-C5994881B980}"
EndProject
Project("{9A19103F-16F7-4668-BE54-9A1E7A4F7556}") = "Framework.Repository", "Framework.Repository\Framework.Repository.csproj", "{4E8B8E9F-D473-4B60-9DFD-50B4401B7D89}"
EndProject
Project("{9A19103F-16F7-4668-BE54-9A1E7A4F7556}") = "Framework.RepositoryContract", "Framework.RepositoryContract\Framework.RepositoryContract.csproj", "{6986681A-4949-42E6-8AE5-41E17292412B}"
EndProject
Project("{9A19103F-16F7-4668-BE54-9A1E7A4F7556}") = "Framework.Service", "Framework.Service\Framework.Service.csproj", "{9F80DC60-85F5-4A39-BF6C-E353C22B65BE}"
EndProject
Project("{9A19103F-16F7-4668-BE54-9A1E7A4F7556}") = "Framework.ServiceContract", "Framework.ServiceContract\Framework.ServiceContract.csproj", "{9383449D-8A18-4D21-B91C-BD7289919263}"
EndProject
Project("{2150E333-8FDC-42A3-9474-1A3956D46DE8}") = "Core", "Core", "{25F169EC-E617-4A38-8D79-3F34E49AF3D4}"
EndProject
Project("{2150E333-8FDC-42A3-9474-1A3956D46DE8}") = "DataAccess", "DataAccess", "{B314646C-9649-4BFA-99F5-61AFC45098E4}"
EndProject
Project("{9A19103F-16F7-4668-BE54-9A1E7A4F7556}") = "BookRental.Database", "BookRental.Database\BookRental.Database.csproj", "{39B85FCD-E616-4E2A-8121-F4129E2C4082}"
EndProject
Project("{9A19103F-16F7-4668-BE54-9A1E7A4F7556}") = "BookRental.DataAccess", "BookRental.DataAccess\BookRental.DataAccess.csproj", "{21F315FA-17B2-4D77-AB04-D0D679783AA3}"
EndProject
Project("{9A19103F-16F7-4668-BE54-9A1E7A4F7556}") = "BookRental.Dto", "BookRental.Dto\BookRental.Dto.csproj", "{00492BD9-8C72-4C17-AB83-E02167547075}"
EndProject
Project("{9A19103F-16F7-4668-BE54-9A1E7A4F7556}") = "BookRental.RepositoryContract", "BookRental.RepositoryContract\BookRental.RepositoryContract.csproj", "{71C0F833-ED2C-4128-AD24-69B6E5811508}"
EndProject
Project("{9A19103F-16F7-4668-BE54-9A1E7A4F7556}") = "BookRental.Repository", "BookRental.Repository\BookRental.Repository.csproj", "{56246FA8-831F-4157-9584-BD6FF3115A5E}"
EndProject
Project("{2150E333-8FDC-42A3-9474-1A3956D46DE8}") = "Service", "Service", "{4EFDFD93-3011-4275-8ECB-D1DB3B1D1DDE}"
EndProject
Project("{9A19103F-16F7-4668-BE54-9A1E7A4F7556}") = "BookRental.ServiceContract", "RentalBook.ServiceContract\BookRental.ServiceContract.csproj", "{AF4FF658-D087-44AB-91C6-4D317277EAAC}"
EndProject
Project("{9A19103F-16F7-4668-BE54-9A1E7A4F7556}") = "BookRental.Service", "BookRental.Service\BookRental.Service.csproj", "{17C83CF4-2AE6-428E-9F83-A3A4C4CC6DC2}"
EndProject
Project("{9A19103F-16F7-4668-BE54-9A1E7A4F7556}") = "BookRental.Api", "BookRental.Api\BookRental.Api.csproj", "{317560B7-8BAA-4B3F-BF1A-E474F4292DBA}"
EndProject
Project("{9A19103F-16F7-4668-BE54-9A1E7A4F7556}") = "BookRental.Core", "BookRental.Core\BookRental.Core.csproj", "{F64901F9-7F53-4360-B2E0-7C8E5D943317}"
EndProject
Project("{9A19103F-16F7-4668-BE54-9A1E7A4F7556}") = "BookRental.FrontEnd", "BookRental.FrontEnd\BookRental.FrontEnd.csproj", "{7C3FFDB8-8526-495E-B900-50C440887A98}"
EndProject
Global
	GlobalSection(SolutionConfigurationPlatforms) = preSolution
		Debug|Any CPU = Debug|Any CPU
		Release|Any CPU = Release|Any CPU
	EndGlobalSection
	GlobalSection(ProjectConfigurationPlatforms) = postSolution
		{EB489D83-D8B5-4D70-A67C-750083DD58C6}.Debug|Any CPU.ActiveCfg = Debug|Any CPU
		{EB489D83-D8B5-4D70-A67C-750083DD58C6}.Debug|Any CPU.Build.0 = Debug|Any CPU
		{EB489D83-D8B5-4D70-A67C-750083DD58C6}.Release|Any CPU.ActiveCfg = Release|Any CPU
		{EB489D83-D8B5-4D70-A67C-750083DD58C6}.Release|Any CPU.Build.0 = Release|Any CPU
		{E954B9B3-758A-4E27-BD15-5008976D0971}.Debug|Any CPU.ActiveCfg = Debug|Any CPU
		{E954B9B3-758A-4E27-BD15-5008976D0971}.Debug|Any CPU.Build.0 = Debug|Any CPU
		{E954B9B3-758A-4E27-BD15-5008976D0971}.Release|Any CPU.ActiveCfg = Release|Any CPU
		{E954B9B3-758A-4E27-BD15-5008976D0971}.Release|Any CPU.Build.0 = Release|Any CPU
		{A8B76C92-5FD4-4252-8C59-C5994881B980}.Debug|Any CPU.ActiveCfg = Debug|Any CPU
		{A8B76C92-5FD4-4252-8C59-C5994881B980}.Debug|Any CPU.Build.0 = Debug|Any CPU
		{A8B76C92-5FD4-4252-8C59-C5994881B980}.Release|Any CPU.ActiveCfg = Release|Any CPU
		{A8B76C92-5FD4-4252-8C59-C5994881B980}.Release|Any CPU.Build.0 = Release|Any CPU
		{4E8B8E9F-D473-4B60-9DFD-50B4401B7D89}.Debug|Any CPU.ActiveCfg = Debug|Any CPU
		{4E8B8E9F-D473-4B60-9DFD-50B4401B7D89}.Debug|Any CPU.Build.0 = Debug|Any CPU
		{4E8B8E9F-D473-4B60-9DFD-50B4401B7D89}.Release|Any CPU.ActiveCfg = Release|Any CPU
		{4E8B8E9F-D473-4B60-9DFD-50B4401B7D89}.Release|Any CPU.Build.0 = Release|Any CPU
		{6986681A-4949-42E6-8AE5-41E17292412B}.Debug|Any CPU.ActiveCfg = Debug|Any CPU
		{6986681A-4949-42E6-8AE5-41E17292412B}.Debug|Any CPU.Build.0 = Debug|Any CPU
		{6986681A-4949-42E6-8AE5-41E17292412B}.Release|Any CPU.ActiveCfg = Release|Any CPU
		{6986681A-4949-42E6-8AE5-41E17292412B}.Release|Any CPU.Build.0 = Release|Any CPU
		{9F80DC60-85F5-4A39-BF6C-E353C22B65BE}.Debug|Any CPU.ActiveCfg = Debug|Any CPU
		{9F80DC60-85F5-4A39-BF6C-E353C22B65BE}.Debug|Any CPU.Build.0 = Debug|Any CPU
		{9F80DC60-85F5-4A39-BF6C-E353C22B65BE}.Release|Any CPU.ActiveCfg = Release|Any CPU
		{9F80DC60-85F5-4A39-BF6C-E353C22B65BE}.Release|Any CPU.Build.0 = Release|Any CPU
		{9383449D-8A18-4D21-B91C-BD7289919263}.Debug|Any CPU.ActiveCfg = Debug|Any CPU
		{9383449D-8A18-4D21-B91C-BD7289919263}.Debug|Any CPU.Build.0 = Debug|Any CPU
		{9383449D-8A18-4D21-B91C-BD7289919263}.Release|Any CPU.ActiveCfg = Release|Any CPU
		{9383449D-8A18-4D21-B91C-BD7289919263}.Release|Any CPU.Build.0 = Release|Any CPU
		{39B85FCD-E616-4E2A-8121-F4129E2C4082}.Debug|Any CPU.ActiveCfg = Debug|Any CPU
		{39B85FCD-E616-4E2A-8121-F4129E2C4082}.Debug|Any CPU.Build.0 = Debug|Any CPU
		{39B85FCD-E616-4E2A-8121-F4129E2C4082}.Release|Any CPU.ActiveCfg = Release|Any CPU
		{39B85FCD-E616-4E2A-8121-F4129E2C4082}.Release|Any CPU.Build.0 = Release|Any CPU
		{21F315FA-17B2-4D77-AB04-D0D679783AA3}.Debug|Any CPU.ActiveCfg = Debug|Any CPU
		{21F315FA-17B2-4D77-AB04-D0D679783AA3}.Debug|Any CPU.Build.0 = Debug|Any CPU
		{21F315FA-17B2-4D77-AB04-D0D679783AA3}.Release|Any CPU.ActiveCfg = Release|Any CPU
		{21F315FA-17B2-4D77-AB04-D0D679783AA3}.Release|Any CPU.Build.0 = Release|Any CPU
		{00492BD9-8C72-4C17-AB83-E02167547075}.Debug|Any CPU.ActiveCfg = Debug|Any CPU
		{00492BD9-8C72-4C17-AB83-E02167547075}.Debug|Any CPU.Build.0 = Debug|Any CPU
		{00492BD9-8C72-4C17-AB83-E02167547075}.Release|Any CPU.ActiveCfg = Release|Any CPU
		{00492BD9-8C72-4C17-AB83-E02167547075}.Release|Any CPU.Build.0 = Release|Any CPU
		{71C0F833-ED2C-4128-AD24-69B6E5811508}.Debug|Any CPU.ActiveCfg = Debug|Any CPU
		{71C0F833-ED2C-4128-AD24-69B6E5811508}.Debug|Any CPU.Build.0 = Debug|Any CPU
		{71C0F833-ED2C-4128-AD24-69B6E5811508}.Release|Any CPU.ActiveCfg = Release|Any CPU
		{71C0F833-ED2C-4128-AD24-69B6E5811508}.Release|Any CPU.Build.0 = Release|Any CPU
		{56246FA8-831F-4157-9584-BD6FF3115A5E}.Debug|Any CPU.ActiveCfg = Debug|Any CPU
		{56246FA8-831F-4157-9584-BD6FF3115A5E}.Debug|Any CPU.Build.0 = Debug|Any CPU
		{56246FA8-831F-4157-9584-BD6FF3115A5E}.Release|Any CPU.ActiveCfg = Release|Any CPU
		{56246FA8-831F-4157-9584-BD6FF3115A5E}.Release|Any CPU.Build.0 = Release|Any CPU
		{AF4FF658-D087-44AB-91C6-4D317277EAAC}.Debug|Any CPU.ActiveCfg = Debug|Any CPU
		{AF4FF658-D087-44AB-91C6-4D317277EAAC}.Debug|Any CPU.Build.0 = Debug|Any CPU
		{AF4FF658-D087-44AB-91C6-4D317277EAAC}.Release|Any CPU.ActiveCfg = Release|Any CPU
		{AF4FF658-D087-44AB-91C6-4D317277EAAC}.Release|Any CPU.Build.0 = Release|Any CPU
		{17C83CF4-2AE6-428E-9F83-A3A4C4CC6DC2}.Debug|Any CPU.ActiveCfg = Debug|Any CPU
		{17C83CF4-2AE6-428E-9F83-A3A4C4CC6DC2}.Debug|Any CPU.Build.0 = Debug|Any CPU
		{17C83CF4-2AE6-428E-9F83-A3A4C4CC6DC2}.Release|Any CPU.ActiveCfg = Release|Any CPU
		{17C83CF4-2AE6-428E-9F83-A3A4C4CC6DC2}.Release|Any CPU.Build.0 = Release|Any CPU
		{317560B7-8BAA-4B3F-BF1A-E474F4292DBA}.Debug|Any CPU.ActiveCfg = Debug|Any CPU
		{317560B7-8BAA-4B3F-BF1A-E474F4292DBA}.Debug|Any CPU.Build.0 = Debug|Any CPU
		{317560B7-8BAA-4B3F-BF1A-E474F4292DBA}.Release|Any CPU.ActiveCfg = Release|Any CPU
		{317560B7-8BAA-4B3F-BF1A-E474F4292DBA}.Release|Any CPU.Build.0 = Release|Any CPU
		{F64901F9-7F53-4360-B2E0-7C8E5D943317}.Debug|Any CPU.ActiveCfg = Debug|Any CPU
		{F64901F9-7F53-4360-B2E0-7C8E5D943317}.Debug|Any CPU.Build.0 = Debug|Any CPU
		{F64901F9-7F53-4360-B2E0-7C8E5D943317}.Release|Any CPU.ActiveCfg = Release|Any CPU
		{F64901F9-7F53-4360-B2E0-7C8E5D943317}.Release|Any CPU.Build.0 = Release|Any CPU
		{7C3FFDB8-8526-495E-B900-50C440887A98}.Debug|Any CPU.ActiveCfg = Debug|Any CPU
		{7C3FFDB8-8526-495E-B900-50C440887A98}.Debug|Any CPU.Build.0 = Debug|Any CPU
		{7C3FFDB8-8526-495E-B900-50C440887A98}.Release|Any CPU.ActiveCfg = Release|Any CPU
		{7C3FFDB8-8526-495E-B900-50C440887A98}.Release|Any CPU.Build.0 = Release|Any CPU
	EndGlobalSection
	GlobalSection(SolutionProperties) = preSolution
		HideSolutionNode = FALSE
	EndGlobalSection
	GlobalSection(NestedProjects) = preSolution
		{EB489D83-D8B5-4D70-A67C-750083DD58C6} = {51518C5D-DF4C-446D-9063-DEF6D46D548F}
		{E954B9B3-758A-4E27-BD15-5008976D0971} = {51518C5D-DF4C-446D-9063-DEF6D46D548F}
		{A8B76C92-5FD4-4252-8C59-C5994881B980} = {51518C5D-DF4C-446D-9063-DEF6D46D548F}
		{4E8B8E9F-D473-4B60-9DFD-50B4401B7D89} = {51518C5D-DF4C-446D-9063-DEF6D46D548F}
		{6986681A-4949-42E6-8AE5-41E17292412B} = {51518C5D-DF4C-446D-9063-DEF6D46D548F}
		{9F80DC60-85F5-4A39-BF6C-E353C22B65BE} = {51518C5D-DF4C-446D-9063-DEF6D46D548F}
		{9383449D-8A18-4D21-B91C-BD7289919263} = {51518C5D-DF4C-446D-9063-DEF6D46D548F}
		{39B85FCD-E616-4E2A-8121-F4129E2C4082} = {B314646C-9649-4BFA-99F5-61AFC45098E4}
		{21F315FA-17B2-4D77-AB04-D0D679783AA3} = {B314646C-9649-4BFA-99F5-61AFC45098E4}
		{00492BD9-8C72-4C17-AB83-E02167547075} = {25F169EC-E617-4A38-8D79-3F34E49AF3D4}
		{71C0F833-ED2C-4128-AD24-69B6E5811508} = {B314646C-9649-4BFA-99F5-61AFC45098E4}
		{56246FA8-831F-4157-9584-BD6FF3115A5E} = {B314646C-9649-4BFA-99F5-61AFC45098E4}
		{AF4FF658-D087-44AB-91C6-4D317277EAAC} = {4EFDFD93-3011-4275-8ECB-D1DB3B1D1DDE}
		{17C83CF4-2AE6-428E-9F83-A3A4C4CC6DC2} = {4EFDFD93-3011-4275-8ECB-D1DB3B1D1DDE}
		{F64901F9-7F53-4360-B2E0-7C8E5D943317} = {25F169EC-E617-4A38-8D79-3F34E49AF3D4}
	EndGlobalSection
	GlobalSection(ExtensibilityGlobals) = postSolution
		SolutionGuid = {89A65106-651E-48E4-9E78-C54E7D4CBB72}
	EndGlobalSection
EndGlobal
